ROS_DISTRO=jazzy
UBUNTU_CODENAME=noble
BASE_IMAGE=nvidia/cuda:12.8.0-devel-ubuntu24.04
BASE_IMAGE_DIGEST=sha256:9a8fffc32a955361aa66d754e7a0cda2513052eaf5aaf8f3ba69b80578d1c6a9
CUDA=12.8
TENSORRT=not-installed-semantic-inference-disabled
HYDRA_ROS=8f3b7e369e2bda49d24eba889a5bd0dfc5903a62
HYDRA=2e58a35baea629eee8838409771876acff015daf
SPARK_DSG=3c40997e4ae739c56ed3cdd6ef5e882d403d8b64
KIMERA_PGMO=fb45b27543813f314df513e7b8c90e28dce7de8b
